
Microsoft Visual Studio Solution File, Format Version 12.00
# Visual Studio Version 16
VisualStudioVersion = 16.0.30114.105
MinimumVisualStudioVersion = 10.0.40219.1
Project("{8BC9CEB8-8B4A-11D0-8D11-00A0C91BC942}") = "SystemStats", "SystemStats\SystemStats.vcxproj", "{CC2A9678-6A5C-486E-B0E7-B9237C64C8E2}"
EndProject
Global
	GlobalSection(SolutionConfigurationPlatforms) = preSolution
		Debug|x64 = Debug|x64
		Debug|x86 = Debug|x86
		Release|x64 = Release|x64
		Release|x86 = Release|x86
	EndGlobalSection
	GlobalSection(ProjectConfigurationPlatforms) = postSolution
		{CC2A9678-6A5C-486E-B0E7-B9237C64C8E2}.Debug|x64.ActiveCfg = Debug|x64
		{CC2A9678-6A5C-486E-B0E7-B9237C64C8E2}.Debug|x64.Build.0 = Debug|x64
		{CC2A9678-6A5C-486E-B0E7-B9237C64C8E2}.Debug|x86.ActiveCfg = Debug|Win32
		{CC2A9678-6A5C-486E-B0E7-B9237C64C8E2}.Debug|x86.Build.0 = Debug|Win32
		{CC2A9678-6A5C-486E-B0E7-B9237C64C8E2}.Release|x64.ActiveCfg = Release|x64
		{CC2A9678-6A5C-486E-B0E7-B9237C64C8E2}.Release|x64.Build.0 = Release|x64
		{CC2A9678-6A5C-486E-B0E7-B9237C64C8E2}.Release|x86.ActiveCfg = Release|Win32
		{CC2A9678-6A5C-486E-B0E7-B9237C64C8E2}.Release|x86.Build.0 = Release|Win32
	EndGlobalSection
	GlobalSection(SolutionProperties) = preSolution
		HideSolutionNode = FALSE
	EndGlobalSection
	GlobalSection(ExtensibilityGlobals) = postSolution
		SolutionGuid = {46A2CD64-CFC5-4288-B738-F66EB68EC934}
	EndGlobalSection
EndGlobal
